
Microsoft Visual Studio Solution File, Format Version 12.00
# Visual Studio 15
VisualStudioVersion = 15.0.28307.1062
MinimumVisualStudioVersion = 10.0.40219.1
Project("{FAE04EC0-301F-11D3-BF4B-00C04F79EFBC}") = "MailingComercial", "MailingComercial\MailingComercial.csproj", "{36A6957C-4673-44D6-88EE-27AE34906D4C}"
EndProject
Project("{54435603-DBB4-11D2-8724-00A0C9A8B90C}") = "InstallMalingComercial", "InstallMalingComercial\InstallMalingComercial.vdproj", "{18A39C73-ADFF-49D2-890A-F72059FBC3EE}"
EndProject
Global
	GlobalSection(SolutionConfigurationPlatforms) = preSolution
		Debug|Any CPU = Debug|Any CPU
		Release|Any CPU = Release|Any CPU
	EndGlobalSection
	GlobalSection(ProjectConfigurationPlatforms) = postSolution
		{36A6957C-4673-44D6-88EE-27AE34906D4C}.Debug|Any CPU.ActiveCfg = Debug|Any CPU
		{36A6957C-4673-44D6-88EE-27AE34906D4C}.Debug|Any CPU.Build.0 = Debug|Any CPU
		{36A6957C-4673-44D6-88EE-27AE34906D4C}.Release|Any CPU.ActiveCfg = Release|Any CPU
		{36A6957C-4673-44D6-88EE-27AE34906D4C}.Release|Any CPU.Build.0 = Release|Any CPU
		{18A39C73-ADFF-49D2-890A-F72059FBC3EE}.Debug|Any CPU.ActiveCfg = Debug
		{18A39C73-ADFF-49D2-890A-F72059FBC3EE}.Release|Any CPU.ActiveCfg = Release
	EndGlobalSection
	GlobalSection(SolutionProperties) = preSolution
		HideSolutionNode = FALSE
	EndGlobalSection
	GlobalSection(ExtensibilityGlobals) = postSolution
		SolutionGuid = {E57C1A7F-406C-4F65-89E7-C277E67A12FF}
	EndGlobalSection
EndGlobal
